
Microsoft Visual Studio Solution File, Format Version 12.00
# Visual Studio Version 17
VisualStudioVersion = 17.11.35327.3
MinimumVisualStudioVersion = 10.0.40219.1
Project("{FAE04EC0-301F-11D3-BF4B-00C04F79EFBC}") = "Desafio2.1", "Desafio2.1\Desafio2.1.csproj", "{F6DF9004-D4D1-4DA7-BBD6-4B724E6AA188}"
EndProject
Global
	GlobalSection(SolutionConfigurationPlatforms) = preSolution
		Debug|Any CPU = Debug|Any CPU
		Release|Any CPU = Release|Any CPU
	EndGlobalSection
	GlobalSection(ProjectConfigurationPlatforms) = postSolution
		{F6DF9004-D4D1-4DA7-BBD6-4B724E6AA188}.Debug|Any CPU.ActiveCfg = Debug|Any CPU
		{F6DF9004-D4D1-4DA7-BBD6-4B724E6AA188}.Debug|Any CPU.Build.0 = Debug|Any CPU
		{F6DF9004-D4D1-4DA7-BBD6-4B724E6AA188}.Release|Any CPU.ActiveCfg = Release|Any CPU
		{F6DF9004-D4D1-4DA7-BBD6-4B724E6AA188}.Release|Any CPU.Build.0 = Release|Any CPU
	EndGlobalSection
	GlobalSection(SolutionProperties) = preSolution
		HideSolutionNode = FALSE
	EndGlobalSection
	GlobalSection(ExtensibilityGlobals) = postSolution
		SolutionGuid = {628B66D0-471A-4DC5-B8A0-ED163B91BD41}
	EndGlobalSection
EndGlobal
